// !$*UTF8*$!
{
	archiveVersion = 1;
	classes = {
	};
	objectVersion = 46;
	objects = {

/* Begin PBXBuildFile section */
		D8141E111E411FAC007197B6 /* Timer.cpp in Sources */ = {isa = PBXBuildFile; fileRef = D8141E0F1E411FAC007197B6 /* Timer.cpp */; };
		D895CEF61E36936E002D4134 /* Runner.cpp in Sources */ = {isa = PBXBuildFile; fileRef = D895CEF51E36936E002D4134 /* Runner.cpp */; };
		D895CEF81E3695B1002D4134 /* Controller.cpp in Sources */ = {isa = PBXBuildFile; fileRef = D895CEF71E3695B1002D4134 /* Controller.cpp */; };
/* End PBXBuildFile section */

/* Begin PBXCopyFilesBuildPhase section */
		D895CEE91E368FB1002D4134 /* CopyFiles */ = {
			isa = PBXCopyFilesBuildPhase;
			buildActionMask = 2147483647;
			dstPath = /usr/share/man/man1/;
			dstSubfolderSpec = 0;
			files = (
			);
			runOnlyForDeploymentPostprocessing = 1;
		};
/* End PBXCopyFilesBuildPhase section */

/* Begin PBXFileReference section */
		D8141E0F1E411FAC007197B6 /* Timer.cpp */ = {isa = PBXFileReference; fileEncoding = 4; lastKnownFileType = sourcecode.cpp.cpp; name = Timer.cpp; path = Model/Timer.cpp; sourceTree = "<group>"; };
		D8141E101E411FAC007197B6 /* Timer.hpp */ = {isa = PBXFileReference; fileEncoding = 4; lastKnownFileType = sourcecode.cpp.h; name = Timer.hpp; path = Model/Timer.hpp; sourceTree = "<group>"; };
		D895CEEB1E368FB1002D4134 /* CPlusPlusPlusPlusMinus */ = {isa = PBXFileReference; explicitFileType = "compiled.mach-o.executable"; includeInIndex = 0; path = CPlusPlusPlusPlusMinus; sourceTree = BUILT_PRODUCTS_DIR; };
		D895CEF51E36936E002D4134 /* Runner.cpp */ = {isa = PBXFileReference; fileEncoding = 4; lastKnownFileType = sourcecode.cpp.cpp; name = Runner.cpp; path = Controller/Runner.cpp; sourceTree = "<group>"; };
		D895CEF71E3695B1002D4134 /* Controller.cpp */ = {isa = PBXFileReference; fileEncoding = 4; lastKnownFileType = sourcecode.cpp.cpp; name = Controller.cpp; path = Controller/Controller.cpp; sourceTree = "<group>"; };
		D895CEF91E36987C002D4134 /* Controller.h */ = {isa = PBXFileReference; lastKnownFileType = sourcecode.c.h; name = Controller.h; path = Controller/Controller.h; sourceTree = "<group>"; };
/* End PBXFileReference section */

/* Begin PBXFrameworksBuildPhase section */
		D895CEE81E368FB1002D4134 /* Frameworks */ = {
			isa = PBXFrameworksBuildPhase;
			buildActionMask = 2147483647;
			files = (
			);
			runOnlyForDeploymentPostprocessing = 0;
		};
/* End PBXFrameworksBuildPhase section */

/* Begin PBXGroup section */
		D8141E0E1E411F30007197B6 /* Controller */ = {
			isa = PBXGroup;
			children = (
				D895CEF51E36936E002D4134 /* Runner.cpp */,
				D895CEF71E3695B1002D4134 /* Controller.cpp */,
				D895CEF91E36987C002D4134 /* Controller.h */,
			);
			name = Controller;
			sourceTree = "<group>";
		};
		D8141E121E411FB2007197B6 /* Model */ = {
			isa = PBXGroup;
			children = (
				D8141E0F1E411FAC007197B6 /* Timer.cpp */,
				D8141E101E411FAC007197B6 /* Timer.hpp */,
			);
			name = Model;
			sourceTree = "<group>";
		};
		D895CEE21E368FB1002D4134 = {
			isa = PBXGroup;
			children = (
				D895CEED1E368FB1002D4134 /* CPlusPlusPlusPlusMinus */,
				D895CEEC1E368FB1002D4134 /* Products */,
			);
			sourceTree = "<group>";
		};
		D895CEEC1E368FB1002D4134 /* Products */ = {
			isa = PBXGroup;
			children = (
				D895CEEB1E368FB1002D4134 /* CPlusPlusPlusPlusMinus */,
			);
			name = Products;
			sourceTree = "<group>";
		};
		D895CEED1E368FB1002D4134 /* CPlusPlusPlusPlusMinus */ = {
			isa = PBXGroup;
			children = (
				D8141E0E1E411F30007197B6 /* Controller */,
				D8141E121E411FB2007197B6 /* Model */,
			);
			path = CPlusPlusPlusPlusMinus;
			sourceTree = "<group>";
		};
/* End PBXGroup section */

/* Begin PBXNativeTarget section */
		D895CEEA1E368FB1002D4134 /* CPlusPlusPlusPlusMinus */ = {
			isa = PBXNativeTarget;
			buildConfigurationList = D895CEF21E368FB1002D4134 /* Build configuration list for PBXNativeTarget "CPlusPlusPlusPlusMinus" */;
			buildPhases = (
				D895CEE71E368FB1002D4134 /* Sources */,
				D895CEE81E368FB1002D4134 /* Frameworks */,
				D895CEE91E368FB1002D4134 /* CopyFiles */,
			);
			buildRules = (
			);
			dependencies = (
			);
			name = CPlusPlusPlusPlusMinus;
			productName = CPlusPlusPlusPlusMinus;
			productReference = D895CEEB1E368FB1002D4134 /* CPlusPlusPlusPlusMinus */;
			productType = "com.apple.product-type.tool";
		};
/* End PBXNativeTarget section */

/* Begin PBXProject section */
		D895CEE31E368FB1002D4134 /* Project object */ = {
			isa = PBXProject;
			attributes = {
				LastUpgradeCheck = 0810;
				ORGANIZATIONNAME = "Bowen, Isaac";
				TargetAttributes = {
					D895CEEA1E368FB1002D4134 = {
						CreatedOnToolsVersion = 8.1;
						ProvisioningStyle = Automatic;
					};
				};
			};
			buildConfigurationList = D895CEE61E368FB1002D4134 /* Build configuration list for PBXProject "CPlusPlusPlusPlusMinus" */;
			compatibilityVersion = "Xcode 3.2";
			developmentRegion = English;
			hasScannedForEncodings = 0;
			knownRegions = (
				en,
			);
			mainGroup = D895CEE21E368FB1002D4134;
			productRefGroup = D895CEEC1E368FB1002D4134 /* Products */;
			projectDirPath = "";
			projectRoot = "";
			targets = (
				D895CEEA1E368FB1002D4134 /* CPlusPlusPlusPlusMinus */,
			);
		};
/* End PBXProject section */

/* Begin PBXSourcesBuildPhase section */
		D895CEE71E368FB1002D4134 /* Sources */ = {
			isa = PBXSourcesBuildPhase;
			buildActionMask = 2147483647;
			files = (
				D8141E111E411FAC007197B6 /* Timer.cpp in Sources */,
				D895CEF61E36936E002D4134 /* Runner.cpp in Sources */,
				D895CEF81E3695B1002D4134 /* Controller.cpp in Sources */,
			);
			runOnlyForDeploymentPostprocessing = 0;
		};
/* End PBXSourcesBuildPhase section */

/* Begin XCBuildConfiguration section */
		D895CEF01E368FB1002D4134 /* Debug */ = {
			isa = XCBuildConfiguration;
			buildSettings = {
				ALWAYS_SEARCH_USER_PATHS = NO;
				CLANG_ANALYZER_NONNULL = YES;
				CLANG_CXX_LANGUAGE_STANDARD = "gnu++0x";
				CLANG_CXX_LIBRARY = "libc++";
				CLANG_ENABLE_MODULES = YES;
				CLANG_ENABLE_OBJC_ARC = YES;
				CLANG_WARN_BOOL_CONVERSION = YES;
				CLANG_WARN_CONSTANT_CONVERSION = YES;
				CLANG_WARN_DIRECT_OBJC_ISA_USAGE = YES_ERROR;
				CLANG_WARN_DOCUMENTATION_COMMENTS = YES;
				CLANG_WARN_EMPTY_BODY = YES;
				CLANG_WARN_ENUM_CONVERSION = YES;
				CLANG_WARN_INFINITE_RECURSION = YES;
				CLANG_WARN_INT_CONVERSION = YES;
				CLANG_WARN_OBJC_ROOT_CLASS = YES_ERROR;
				CLANG_WARN_SUSPICIOUS_MOVES = YES;
				CLANG_WARN_UNREACHABLE_CODE = YES;
				CLANG_WARN__DUPLICATE_METHOD_MATCH = YES;
				CODE_SIGN_IDENTITY = "-";
				COPY_PHASE_STRIP = NO;
				DEBUG_INFORMATION_FORMAT = dwarf;
				ENABLE_STRICT_OBJC_MSGSEND = YES;
				ENABLE_TESTABILITY = YES;
				GCC_C_LANGUAGE_STANDARD = gnu99;
				GCC_DYNAMIC_NO_PIC = NO;
				GCC_NO_COMMON_BLOCKS = YES;
				GCC_OPTIMIZATION_LEVEL = 0;
				GCC_PREPROCESSOR_DEFINITIONS = (
					"DEBUG=1",
					"$(inherited)",
				);
				GCC_WARN_64_TO_32_BIT_CONVERSION = YES;
				GCC_WARN_ABOUT_RETURN_TYPE = YES_ERROR;
				GCC_WARN_UNDECLARED_SELECTOR = YES;
				GCC_WARN_UNINITIALIZED_AUTOS = YES_AGGRESSIVE;
				GCC_WARN_UNUSED_FUNCTION = YES;
				GCC_WARN_UNUSED_VARIABLE = YES;
				MACOSX_DEPLOYMENT_TARGET = 10.11;
				MTL_ENABLE_DEBUG_INFO = YES;
				ONLY_ACTIVE_ARCH = YES;
				SDKROOT = macosx;
			};
			name = Debug;
		};
		D895CEF11E368FB1002D4134 /* Release */ = {
			isa = XCBuildConfiguration;
			buildSettings = {
				ALWAYS_SEARCH_USER_PATHS = NO;
				CLANG_ANALYZER_NONNULL = YES;
				CLANG_CXX_LANGUAGE_STANDARD = "gnu++0x";
				CLANG_CXX_LIBRARY = "libc++";
				CLANG_ENABLE_MODULES = YES;
				CLANG_ENABLE_OBJC_ARC = YES;
				CLANG_WARN_BOOL_CONVERSION = YES;
				CLANG_WARN_CONSTANT_CONVERSION = YES;
				CLANG_WARN_DIRECT_OBJC_ISA_USAGE = YES_ERROR;
				CLANG_WARN_DOCUMENTATION_COMMENTS = YES;
				CLANG_WARN_EMPTY_BODY = YES;
				CLANG_WARN_ENUM_CONVERSION = YES;
				CLANG_WARN_INFINITE_RECURSION = YES;
				CLANG_WARN_INT_CONVERSION = YES;
				CLANG_WARN_OBJC_ROOT_CLASS = YES_ERROR;
				CLANG_WARN_SUSPICIOUS_MOVES = YES;
				CLANG_WARN_UNREACHABLE_CODE = YES;
				CLANG_WARN__DUPLICATE_METHOD_MATCH = YES;
				CODE_SIGN_IDENTITY = "-";
				COPY_PHASE_STRIP = NO;
				DEBUG_INFORMATION_FORMAT = "dwarf-with-dsym";
				ENABLE_NS_ASSERTIONS = NO;
				ENABLE_STRICT_OBJC_MSGSEND = YES;
				GCC_C_LANGUAGE_STANDARD = gnu99;
				GCC_NO_COMMON_BLOCKS = YES;
				GCC_WARN_64_TO_32_BIT_CONVERSION = YES;
				GCC_WARN_ABOUT_RETURN_TYPE = YES_ERROR;
				GCC_WARN_UNDECLARED_SELECTOR = YES;
				GCC_WARN_UNINITIALIZED_AUTOS = YES_AGGRESSIVE;
				GCC_WARN_UNUSED_FUNCTION = YES;
				GCC_WARN_UNUSED_VARIABLE = YES;
				MACOSX_DEPLOYMENT_TARGET = 10.11;
				MTL_ENABLE_DEBUG_INFO = NO;
				SDKROOT = macosx;
			};
			name = Release;
		};
		D895CEF31E368FB1002D4134 /* Debug */ = {
			isa = XCBuildConfiguration;
			buildSettings = {
				PRODUCT_NAME = "$(TARGET_NAME)";
			};
			name = Debug;
		};
		D895CEF41E368FB1002D4134 /* Release */ = {
			isa = XCBuildConfiguration;
			buildSettings = {
				PRODUCT_NAME = "$(TARGET_NAME)";
			};
			name = Release;
		};
/* End XCBuildConfiguration section */

/* Begin XCConfigurationList section */
		D895CEE61E368FB1002D4134 /* Build configuration list for PBXProject "CPlusPlusPlusPlusMinus" */ = {
			isa = XCConfigurationList;
			buildConfigurations = (
				D895CEF01E368FB1002D4134 /* Debug */,
				D895CEF11E368FB1002D4134 /* Release */,
			);
			defaultConfigurationIsVisible = 0;
			defaultConfigurationName = Release;
		};
		D895CEF21E368FB1002D4134 /* Build configuration list for PBXNativeTarget "CPlusPlusPlusPlusMinus" */ = {
			isa = XCConfigurationList;
			buildConfigurations = (
				D895CEF31E368FB1002D4134 /* Debug */,
				D895CEF41E368FB1002D4134 /* Release */,
			);
			defaultConfigurationIsVisible = 0;
			defaultConfigurationName = Release;
		};
/* End XCConfigurationList section */
	};
	rootObject = D895CEE31E368FB1002D4134 /* Project object */;
}
